
Microsoft Visual Studio Solution File, Format Version 12.00
# Visual Studio Version 17
VisualStudioVersion = 17.11.35222.181
MinimumVisualStudioVersion = 10.0.40219.1
Project("{FAE04EC0-301F-11D3-BF4B-00C04F79EFBC}") = "Test", "Test\Test.csproj", "{6E0F703D-D2F8-47EF-AD8C-CFCFCD70756B}"
EndProject
Global
	GlobalSection(SolutionConfigurationPlatforms) = preSolution
		Debug|Any CPU = Debug|Any CPU
		Release|Any CPU = Release|Any CPU
	EndGlobalSection
	GlobalSection(ProjectConfigurationPlatforms) = postSolution
		{6E0F703D-D2F8-47EF-AD8C-CFCFCD70756B}.Debug|Any CPU.ActiveCfg = Debug|Any CPU
		{6E0F703D-D2F8-47EF-AD8C-CFCFCD70756B}.Debug|Any CPU.Build.0 = Debug|Any CPU
		{6E0F703D-D2F8-47EF-AD8C-CFCFCD70756B}.Release|Any CPU.ActiveCfg = Release|Any CPU
		{6E0F703D-D2F8-47EF-AD8C-CFCFCD70756B}.Release|Any CPU.Build.0 = Release|Any CPU
	EndGlobalSection
	GlobalSection(SolutionProperties) = preSolution
		HideSolutionNode = FALSE
	EndGlobalSection
	GlobalSection(ExtensibilityGlobals) = postSolution
		SolutionGuid = {278ACB52-353F-4391-8AC4-7CE0FEEAAC6A}
	EndGlobalSection
EndGlobal
